{
  "name": "ifcjs-viewer-101",
  "version": "1.0.0",
  "lockfileVersion": 3,
  "requires": true,
  "packages": {
    "": {
      "name": "ifcjs-viewer-101",
      "version": "1.0.0",
      "dependencies": {
        "@xeokit/xeokit-sdk": "^2.6.91",
        "web-ifc-viewer": "^1.0.218"
      },
      "devDependencies": {
        "@rollup/plugin-node-resolve": "^14.1.0",
        "rollup": "^2.78.0"
      }
    },
    "node_modules/@loaders.gl/core": {
      "version": "4.3.4",
      "resolved": "https://registry.npmjs.org/@loaders.gl/core/-/core-4.3.4.tgz",
      "integrity": "sha512-cG0C5fMZ1jyW6WCsf4LoHGvaIAJCEVA/ioqKoYRwoSfXkOf+17KupK1OUQyUCw5XoRn+oWA1FulJQOYlXnb9Gw==",
      "license": "MIT",
      "dependencies": {
        "@loaders.gl/loader-utils": "4.3.4",
        "@loaders.gl/schema": "4.3.4",
        "@loaders.gl/worker-utils": "4.3.4",
        "@probe.gl/log": "^4.0.2"
      }
    },
    "node_modules/@loaders.gl/draco": {
      "version": "4.3.4",
      "resolved": "https://registry.npmjs.org/@loaders.gl/draco/-/draco-4.3.4.tgz",
      "integrity": "sha512-4Lx0rKmYENGspvcgV5XDpFD9o+NamXoazSSl9Oa3pjVVjo+HJuzCgrxTQYD/3JvRrolW/QRehZeWD/L/cEC6mw==",
      "license": "MIT",
      "dependencies": {
        "@loaders.gl/loader-utils": "4.3.4",
        "@loaders.gl/schema": "4.3.4",
        "@loaders.gl/worker-utils": "4.3.4",
        "draco3d": "1.5.7"
      },
      "peerDependencies": {
        "@loaders.gl/core": "^4.3.0"
      }
    },
    "node_modules/@loaders.gl/gltf": {
      "version": "4.3.4",
      "resolved": "https://registry.npmjs.org/@loaders.gl/gltf/-/gltf-4.3.4.tgz",
      "integrity": "sha512-EiUTiLGMfukLd9W98wMpKmw+hVRhQ0dJ37wdlXK98XPeGGB+zTQxCcQY+/BaMhsSpYt/OOJleHhTfwNr8RgzRg==",
      "license": "MIT",
      "dependencies": {
        "@loaders.gl/draco": "4.3.4",
        "@loaders.gl/images": "4.3.4",
        "@loaders.gl/loader-utils": "4.3.4",
        "@loaders.gl/schema": "4.3.4",
        "@loaders.gl/textures": "4.3.4",
        "@math.gl/core": "^4.1.0"
      },
      "peerDependencies": {
        "@loaders.gl/core": "^4.3.0"
      }
    },
    "node_modules/@loaders.gl/images": {
      "version": "4.3.4",
      "resolved": "https://registry.npmjs.org/@loaders.gl/images/-/images-4.3.4.tgz",
      "integrity": "sha512-qgc33BaNsqN9cWa/xvcGvQ50wGDONgQQdzHCKDDKhV2w/uptZoR5iofJfuG8UUV2vUMMd82Uk9zbopRx2rS4Ag==",
      "license": "MIT",
      "dependencies": {
        "@loaders.gl/loader-utils": "4.3.4"
      },
      "peerDependencies": {
        "@loaders.gl/core": "^4.3.0"
      }
    },
    "node_modules/@loaders.gl/las": {
      "version": "4.3.4",
      "resolved": "https://registry.npmjs.org/@loaders.gl/las/-/las-4.3.4.tgz",
      "integrity": "sha512-KGyVuSQwpnVO/RCHYF8ITkDd7DpXnhAPDpgGMCBrpWvBubAbIY38oP0uGecNO/HVfRVAovDEobZICN3uQx2Weg==",
      "license": "MIT",
      "dependencies": {
        "@loaders.gl/loader-utils": "4.3.4",
        "@loaders.gl/schema": "4.3.4",
        "laz-perf": "^0.0.6"
      },
      "peerDependencies": {
        "@loaders.gl/core": "^4.3.0"
      }
    },
    "node_modules/@loaders.gl/loader-utils": {
      "version": "4.3.4",
      "resolved": "https://registry.npmjs.org/@loaders.gl/loader-utils/-/loader-utils-4.3.4.tgz",
      "integrity": "sha512-tjMZvlKQSaMl2qmYTAxg+ySR6zd6hQn5n3XaU8+Ehp90TD3WzxvDKOMNDqOa72fFmIV+KgPhcmIJTpq4lAdC4Q==",
      "license": "MIT",
      "dependencies": {
        "@loaders.gl/schema": "4.3.4",
        "@loaders.gl/worker-utils": "4.3.4",
        "@probe.gl/log": "^4.0.2",
        "@probe.gl/stats": "^4.0.2"
      },
      "peerDependencies": {
        "@loaders.gl/core": "^4.3.0"
      }
    },
    "node_modules/@loaders.gl/schema": {
      "version": "4.3.4",
      "resolved": "https://registry.npmjs.org/@loaders.gl/schema/-/schema-4.3.4.tgz",
      "integrity": "sha512-1YTYoatgzr/6JTxqBLwDiD3AVGwQZheYiQwAimWdRBVB0JAzych7s1yBuE0CVEzj4JDPKOzVAz8KnU1TiBvJGw==",
      "license": "MIT",
      "dependencies": {
        "@types/geojson": "^7946.0.7"
      },
      "peerDependencies": {
        "@loaders.gl/core": "^4.3.0"
      }
    },
    "node_modules/@loaders.gl/textures": {
      "version": "4.3.4",
      "resolved": "https://registry.npmjs.org/@loaders.gl/textures/-/textures-4.3.4.tgz",
      "integrity": "sha512-arWIDjlE7JaDS6v9by7juLfxPGGnjT9JjleaXx3wq/PTp+psLOpGUywHXm38BNECos3MFEQK3/GFShWI+/dWPw==",
      "license": "MIT",
      "dependencies": {
        "@loaders.gl/images": "4.3.4",
        "@loaders.gl/loader-utils": "4.3.4",
        "@loaders.gl/schema": "4.3.4",
        "@loaders.gl/worker-utils": "4.3.4",
        "@math.gl/types": "^4.1.0",
        "ktx-parse": "^0.7.0",
        "texture-compressor": "^1.0.2"
      },
      "peerDependencies": {
        "@loaders.gl/core": "^4.3.0"
      }
    },
    "node_modules/@loaders.gl/worker-utils": {
      "version": "4.3.4",
      "resolved": "https://registry.npmjs.org/@loaders.gl/worker-utils/-/worker-utils-4.3.4.tgz",
      "integrity": "sha512-EbsszrASgT85GH3B7jkx7YXfQyIYo/rlobwMx6V3ewETapPUwdSAInv+89flnk5n2eu2Lpdeh+2zS6PvqbL2RA==",
      "license": "MIT",
      "peerDependencies": {
        "@loaders.gl/core": "^4.3.0"
      }
    },
    "node_modules/@math.gl/core": {
      "version": "4.1.0",
      "resolved": "https://registry.npmjs.org/@math.gl/core/-/core-4.1.0.tgz",
      "integrity": "sha512-FrdHBCVG3QdrworwrUSzXIaK+/9OCRLscxI2OUy6sLOHyHgBMyfnEGs99/m3KNvs+95BsnQLWklVfpKfQzfwKA==",
      "license": "MIT",
      "dependencies": {
        "@math.gl/types": "4.1.0"
      }
    },
    "node_modules/@math.gl/types": {
      "version": "4.1.0",
      "resolved": "https://registry.npmjs.org/@math.gl/types/-/types-4.1.0.tgz",
      "integrity": "sha512-clYZdHcmRvMzVK5fjeDkQlHUzXQSNdZ7s4xOqC3nJPgz4C/TZkUecTo9YS4PruZqtDda/ag4erndP0MIn40dGA==",
      "license": "MIT"
    },
    "node_modules/@probe.gl/env": {
      "version": "4.1.0",
      "resolved": "https://registry.npmjs.org/@probe.gl/env/-/env-4.1.0.tgz",
      "integrity": "sha512-5ac2Jm2K72VCs4eSMsM7ykVRrV47w32xOGMvcgqn8vQdEMF9PRXyBGYEV9YbqRKWNKpNKmQJVi4AHM/fkCxs9w==",
      "license": "MIT"
    },
    "node_modules/@probe.gl/log": {
      "version": "4.1.0",
      "resolved": "https://registry.npmjs.org/@probe.gl/log/-/log-4.1.0.tgz",
      "integrity": "sha512-r4gRReNY6f+OZEMgfWEXrAE2qJEt8rX0HsDJQXUBMoc+5H47bdB7f/5HBHAmapK8UydwPKL9wCDoS22rJ0yq7Q==",
      "license": "MIT",
      "dependencies": {
        "@probe.gl/env": "4.1.0"
      }
    },
    "node_modules/@probe.gl/stats": {
      "version": "4.1.0",
      "resolved": "https://registry.npmjs.org/@probe.gl/stats/-/stats-4.1.0.tgz",
      "integrity": "sha512-EI413MkWKBDVNIfLdqbeNSJTs7ToBz/KVGkwi3D+dQrSIkRI2IYbWGAU3xX+D6+CI4ls8ehxMhNpUVMaZggDvQ==",
      "license": "MIT"
    },
    "node_modules/@rollup/plugin-node-resolve": {
      "version": "14.1.0",
      "resolved": "https://registry.npmjs.org/@rollup/plugin-node-resolve/-/plugin-node-resolve-14.1.0.tgz",
      "integrity": "sha512-5G2niJroNCz/1zqwXtk0t9+twOSDlG00k1Wfd7bkbbXmwg8H8dvgHdIWAun53Ps/rckfvOC7scDBjuGFg5OaWw==",
      "dev": true,
      "license": "MIT",
      "dependencies": {
        "@rollup/pluginutils": "^3.1.0",
        "@types/resolve": "1.17.1",
        "deepmerge": "^4.2.2",
        "is-builtin-module": "^3.1.0",
        "is-module": "^1.0.0",
        "resolve": "^1.19.0"
      },
      "engines": {
        "node": ">= 10.0.0"
      },
      "peerDependencies": {
        "rollup": "^2.78.0"
      }
    },
    "node_modules/@rollup/pluginutils": {
      "version": "3.1.0",
      "resolved": "https://registry.npmjs.org/@rollup/pluginutils/-/pluginutils-3.1.0.tgz",
      "integrity": "sha512-GksZ6pr6TpIjHm8h9lSQ8pi8BE9VeubNT0OMJ3B5uZJ8pz73NPiqOtCog/x2/QzM1ENChPKxMDhiQuRHsqc+lg==",
      "dev": true,
      "license": "MIT",
      "dependencies": {
        "@types/estree": "0.0.39",
        "estree-walker": "^1.0.1",
        "picomatch": "^2.2.2"
      },
      "engines": {
        "node": ">= 8.0.0"
      },
      "peerDependencies": {
        "rollup": "^1.20.0||^2.0.0"
      }
    },
    "node_modules/@types/estree": {
      "version": "0.0.39",
      "resolved": "https://registry.npmjs.org/@types/estree/-/estree-0.0.39.tgz",
      "integrity": "sha512-EYNwp3bU+98cpU4lAWYYL7Zz+2gryWH1qbdDTidVd6hkiR6weksdbMadyXKXNPEkQFhXM+hVO9ZygomHXp+AIw==",
      "dev": true,
      "license": "MIT"
    },
    "node_modules/@types/geojson": {
      "version": "7946.0.16",
      "resolved": "https://registry.npmjs.org/@types/geojson/-/geojson-7946.0.16.tgz",
      "integrity": "sha512-6C8nqWur3j98U6+lXDfTUWIfgvZU+EumvpHKcYjujKH7woYyLj2sUmff0tRhrqM7BohUw7Pz3ZB1jj2gW9Fvmg==",
      "license": "MIT"
    },
    "node_modules/@types/node": {
      "version": "24.7.2",
      "resolved": "https://registry.npmjs.org/@types/node/-/node-24.7.2.tgz",
      "integrity": "sha512-/NbVmcGTP+lj5oa4yiYxxeBjRivKQ5Ns1eSZeB99ExsEQ6rX5XYU1Zy/gGxY/ilqtD4Etx9mKyrPxZRetiahhA==",
      "dev": true,
      "license": "MIT",
      "dependencies": {
        "undici-types": "~7.14.0"
      }
    },
    "node_modules/@types/resolve": {
      "version": "1.17.1",
      "resolved": "https://registry.npmjs.org/@types/resolve/-/resolve-1.17.1.tgz",
      "integrity": "sha512-yy7HuzQhj0dhGpD8RLXSZWEkLsV9ibvxvi6EiJ3bkqLAO1RGo0WbkWQiwpRlSFymTJRz0d3k5LM3kkx8ArDbLw==",
      "dev": true,
      "license": "MIT",
      "dependencies": {
        "@types/node": "*"
      }
    },
    "node_modules/@xeokit/xeokit-sdk": {
      "version": "2.6.91",
      "resolved": "https://registry.npmjs.org/@xeokit/xeokit-sdk/-/xeokit-sdk-2.6.91.tgz",
      "integrity": "sha512-vTnEO1XakXRP1eylv05V8VWYSR6kxt0HUUJ+7swMQW8XZXkHeSD3jb9a2Iqwy76fwm9ea4vBPa819cQH28Wp7w==",
      "license": "AGPL-3.0",
      "dependencies": {
        "@loaders.gl/core": "4.3.4",
        "@loaders.gl/gltf": "4.3.4",
        "@loaders.gl/las": "4.3.4",
        "html2canvas": "1.4.1"
      }
    },
    "node_modules/argparse": {
      "version": "1.0.10",
      "resolved": "https://registry.npmjs.org/argparse/-/argparse-1.0.10.tgz",
      "integrity": "sha512-o5Roy6tNG4SL/FOkCAN6RzjiakZS25RLYFrcMttJqbdd8BWrnA+fGz57iN5Pb06pvBGvl5gQ0B48dJlslXvoTg==",
      "license": "MIT",
      "dependencies": {
        "sprintf-js": "~1.0.2"
      }
    },
    "node_modules/base64-arraybuffer": {
      "version": "1.0.2",
      "resolved": "https://registry.npmjs.org/base64-arraybuffer/-/base64-arraybuffer-1.0.2.tgz",
      "integrity": "sha512-I3yl4r9QB5ZRY3XuJVEPfc2XhZO6YweFPI+UovAzn+8/hb3oJ6lnysaFcjVpkCPfVWFUDvoZ8kmVDP7WyRtYtQ==",
      "license": "MIT",
      "engines": {
        "node": ">= 0.6.0"
      }
    },
    "node_modules/builtin-modules": {
      "version": "3.3.0",
      "resolved": "https://registry.npmjs.org/builtin-modules/-/builtin-modules-3.3.0.tgz",
      "integrity": "sha512-zhaCDicdLuWN5UbN5IMnFqNMhNfo919sH85y2/ea+5Yg9TsTkeZxpL+JLbp6cgYFS4sRLp3YV4S6yDuqVWHYOw==",
      "dev": true,
      "license": "MIT",
      "engines": {
        "node": ">=6"
      },
      "funding": {
        "url": "https://github.com/sponsors/sindresorhus"
      }
    },
    "node_modules/camera-controls": {
      "version": "1.38.2",
      "resolved": "https://registry.npmjs.org/camera-controls/-/camera-controls-1.38.2.tgz",
      "integrity": "sha512-EfzbovxLssyWpJVG9uKcazSDDIEcd1hUsPhPF/OWWnICsKY9WbLY/2S4UPW73HHbvnVeR/Z9wsWaQKtANy/2Yg==",
      "license": "MIT",
      "peerDependencies": {
        "three": ">=0.126.1"
      }
    },
    "node_modules/css-line-break": {
      "version": "2.1.0",
      "resolved": "https://registry.npmjs.org/css-line-break/-/css-line-break-2.1.0.tgz",
      "integrity": "sha512-FHcKFCZcAha3LwfVBhCQbW2nCNbkZXn7KVUJcsT5/P8YmfsVja0FMPJr0B903j/E69HUphKiV9iQArX8SDYA4w==",
      "license": "MIT",
      "dependencies": {
        "utrie": "^1.0.2"
      }
    },
    "node_modules/dat.gui": {
      "version": "0.7.9",
      "resolved": "https://registry.npmjs.org/dat.gui/-/dat.gui-0.7.9.tgz",
      "integrity": "sha512-sCNc1OHobc+Erc1HqiswYgHdVNpSJUlk/Hz8vzOCsER7rl+oF/4+v8GXFUyCgtXpoCX6+bnmg07DedLvBLwYKQ==",
      "license": "Apache-2.0"
    },
    "node_modules/deepmerge": {
      "version": "4.3.1",
      "resolved": "https://registry.npmjs.org/deepmerge/-/deepmerge-4.3.1.tgz",
      "integrity": "sha512-3sUqbMEc77XqpdNO7FRyRog+eW3ph+GYCbj+rK+uYyRMuwsVy0rMiVtPn+QJlKFvWP/1PYpapqYn0Me2knFn+A==",
      "dev": true,
      "license": "MIT",
      "engines": {
        "node": ">=0.10.0"
      }
    },
    "node_modules/draco3d": {
      "version": "1.5.7",
      "resolved": "https://registry.npmjs.org/draco3d/-/draco3d-1.5.7.tgz",
      "integrity": "sha512-m6WCKt/erDXcw+70IJXnG7M3awwQPAsZvJGX5zY7beBqpELw6RDGkYVU0W43AFxye4pDZ5i2Lbyc/NNGqwjUVQ==",
      "license": "Apache-2.0"
    },
    "node_modules/estree-walker": {
      "version": "1.0.1",
      "resolved": "https://registry.npmjs.org/estree-walker/-/estree-walker-1.0.1.tgz",
      "integrity": "sha512-1fMXF3YP4pZZVozF8j/ZLfvnR8NSIljt56UhbZ5PeeDmmGHpgpdwQt7ITlGvYaQukCvuBRMLEiKiYC+oeIg4cg==",
      "dev": true,
      "license": "MIT"
    },
    "node_modules/fsevents": {
      "version": "2.3.3",
      "resolved": "https://registry.npmjs.org/fsevents/-/fsevents-2.3.3.tgz",
      "integrity": "sha512-5xoDfX+fL7faATnagmWPpbFtwh/R77WmMMqqHGS65C3vvB0YHrgF+B1YmZ3441tMj5n63k0212XNoJwzlhffQw==",
      "dev": true,
      "hasInstallScript": true,
      "license": "MIT",
      "optional": true,
      "os": [
        "darwin"
      ],
      "engines": {
        "node": "^8.16.0 || ^10.6.0 || >=11.0.0"
      }
    },
    "node_modules/function-bind": {
      "version": "1.1.2",
      "resolved": "https://registry.npmjs.org/function-bind/-/function-bind-1.1.2.tgz",
      "integrity": "sha512-7XHNxH7qX9xG5mIwxkhumTox/MIRNcOgDrxWsMt2pAr23WHp6MrRlN7FBSFpCpr+oVO0F744iUgR82nJMfG2SA==",
      "dev": true,
      "license": "MIT",
      "funding": {
        "url": "https://github.com/sponsors/ljharb"
      }
    },
    "node_modules/gsap": {
      "version": "3.13.0",
      "resolved": "https://registry.npmjs.org/gsap/-/gsap-3.13.0.tgz",
      "integrity": "sha512-QL7MJ2WMjm1PHWsoFrAQH/J8wUeqZvMtHO58qdekHpCfhvhSL4gSiz6vJf5EeMP0LOn3ZCprL2ki/gjED8ghVw==",
      "license": "Standard 'no charge' license: https://gsap.com/standard-license."
    },
    "node_modules/hasown": {
      "version": "2.0.2",
      "resolved": "https://registry.npmjs.org/hasown/-/hasown-2.0.2.tgz",
      "integrity": "sha512-0hJU9SCPvmMzIBdZFqNPXWa6dqh7WdH0cII9y+CyS8rG3nL48Bclra9HmKhVVUHyPWNH5Y7xDwAB7bfgSjkUMQ==",
      "dev": true,
      "license": "MIT",
      "dependencies": {
        "function-bind": "^1.1.2"
      },
      "engines": {
        "node": ">= 0.4"
      }
    },
    "node_modules/html2canvas": {
      "version": "1.4.1",
      "resolved": "https://registry.npmjs.org/html2canvas/-/html2canvas-1.4.1.tgz",
      "integrity": "sha512-fPU6BHNpsyIhr8yyMpTLLxAbkaK8ArIBcmZIRiBLiDhjeqvXolaEmDGmELFuX9I4xDcaKKcJl+TKZLqruBbmWA==",
      "license": "MIT",
      "dependencies": {
        "css-line-break": "^2.1.0",
        "text-segmentation": "^1.0.3"
      },
      "engines": {
        "node": ">=8.0.0"
      }
    },
    "node_modules/image-size": {
      "version": "0.7.5",
      "resolved": "https://registry.npmjs.org/image-size/-/image-size-0.7.5.tgz",
      "integrity": "sha512-Hiyv+mXHfFEP7LzUL/llg9RwFxxY+o9N3JVLIeG5E7iFIFAalxvRU9UZthBdYDEVnzHMgjnKJPPpay5BWf1g9g==",
      "license": "MIT",
      "bin": {
        "image-size": "bin/image-size.js"
      },
      "engines": {
        "node": ">=6.9.0"
      }
    },
    "node_modules/is-builtin-module": {
      "version": "3.2.1",
      "resolved": "https://registry.npmjs.org/is-builtin-module/-/is-builtin-module-3.2.1.tgz",
      "integrity": "sha512-BSLE3HnV2syZ0FK0iMA/yUGplUeMmNz4AW5fnTunbCIqZi4vG3WjJT9FHMy5D69xmAYBHXQhJdALdpwVxV501A==",
      "dev": true,
      "license": "MIT",
      "dependencies": {
        "builtin-modules": "^3.3.0"
      },
      "engines": {
        "node": ">=6"
      },
      "funding": {
        "url": "https://github.com/sponsors/sindresorhus"
      }
    },
    "node_modules/is-core-module": {
      "version": "2.16.1",
      "resolved": "https://registry.npmjs.org/is-core-module/-/is-core-module-2.16.1.tgz",
      "integrity": "sha512-UfoeMA6fIJ8wTYFEUjelnaGI67v6+N7qXJEvQuIGa99l4xsCruSYOVSQ0uPANn4dAzm8lkYPaKLrrijLq7x23w==",
      "dev": true,
      "license": "MIT",
      "dependencies": {
        "hasown": "^2.0.2"
      },
      "engines": {
        "node": ">= 0.4"
      },
      "funding": {
        "url": "https://github.com/sponsors/ljharb"
      }
    },
    "node_modules/is-module": {
      "version": "1.0.0",
      "resolved": "https://registry.npmjs.org/is-module/-/is-module-1.0.0.tgz",
      "integrity": "sha512-51ypPSPCoTEIN9dy5Oy+h4pShgJmPCygKfyRCISBI+JoWT/2oJvK8QPxmwv7b/p239jXrm9M1mlQbyKJ5A152g==",
      "dev": true,
      "license": "MIT"
    },
    "node_modules/ktx-parse": {
      "version": "0.7.1",
      "resolved": "https://registry.npmjs.org/ktx-parse/-/ktx-parse-0.7.1.tgz",
      "integrity": "sha512-FeA3g56ksdFNwjXJJsc1CCc7co+AJYDp6ipIp878zZ2bU8kWROatLYf39TQEd4/XRSUvBXovQ8gaVKWPXsCLEQ==",
      "license": "MIT"
    },
    "node_modules/laz-perf": {
      "version": "0.0.6",
      "resolved": "https://registry.npmjs.org/laz-perf/-/laz-perf-0.0.6.tgz",
      "integrity": "sha512-ZBqC+BBlofznDIY3SfjXDBVdIhYfz7bq8HAHztlw4XOnu++nHiWtCGPgzpdeAhPkByc68DaKNy3E3rY4XrdRtQ==",
      "license": "Apache-2.0"
    },
    "node_modules/path-parse": {
      "version": "1.0.7",
      "resolved": "https://registry.npmjs.org/path-parse/-/path-parse-1.0.7.tgz",
      "integrity": "sha512-LDJzPVEEEPR+y48z93A0Ed0yXb8pAByGWo/k5YYdYgpY2/2EsOsksJrq7lOHxryrVOn1ejG6oAp8ahvOIQD8sw==",
      "dev": true,
      "license": "MIT"
    },
    "node_modules/picomatch": {
      "version": "2.3.1",
      "resolved": "https://registry.npmjs.org/picomatch/-/picomatch-2.3.1.tgz",
      "integrity": "sha512-JU3teHTNjmE2VCGFzuY8EXzCDVwEqB2a8fsIvwaStHhAWJEeVd1o1QD80CU6+ZdEXXSLbSsuLwJjkCBWqRQUVA==",
      "dev": true,
      "license": "MIT",
      "engines": {
        "node": ">=8.6"
      },
      "funding": {
        "url": "https://github.com/sponsors/jonschlinkert"
      }
    },
    "node_modules/resolve": {
      "version": "1.22.10",
      "resolved": "https://registry.npmjs.org/resolve/-/resolve-1.22.10.tgz",
      "integrity": "sha512-NPRy+/ncIMeDlTAsuqwKIiferiawhefFJtkNSW0qZJEqMEb+qBt/77B/jGeeek+F0uOeN05CDa6HXbbIgtVX4w==",
      "dev": true,
      "license": "MIT",
      "dependencies": {
        "is-core-module": "^2.16.0",
        "path-parse": "^1.0.7",
        "supports-preserve-symlinks-flag": "^1.0.0"
      },
      "bin": {
        "resolve": "bin/resolve"
      },
      "engines": {
        "node": ">= 0.4"
      },
      "funding": {
        "url": "https://github.com/sponsors/ljharb"
      }
    },
    "node_modules/rollup": {
      "version": "2.79.2",
      "resolved": "https://registry.npmjs.org/rollup/-/rollup-2.79.2.tgz",
      "integrity": "sha512-fS6iqSPZDs3dr/y7Od6y5nha8dW1YnbgtsyotCVvoFGKbERG++CVRFv1meyGDE1SNItQA8BrnCw7ScdAhRJ3XQ==",
      "dev": true,
      "license": "MIT",
      "bin": {
        "rollup": "dist/bin/rollup"
      },
      "engines": {
        "node": ">=10.0.0"
      },
      "optionalDependencies": {
        "fsevents": "~2.3.2"
      }
    },
    "node_modules/sprintf-js": {
      "version": "1.0.3",
      "resolved": "https://registry.npmjs.org/sprintf-js/-/sprintf-js-1.0.3.tgz",
      "integrity": "sha512-D9cPgkvLlV3t3IzL0D0YLvGA9Ahk4PcvVwUbN0dSGr1aP0Nrt4AEnTUbuGvquEC0mA64Gqt1fzirlRs5ibXx8g==",
      "license": "BSD-3-Clause"
    },
    "node_modules/supports-preserve-symlinks-flag": {
      "version": "1.0.0",
      "resolved": "https://registry.npmjs.org/supports-preserve-symlinks-flag/-/supports-preserve-symlinks-flag-1.0.0.tgz",
      "integrity": "sha512-ot0WnXS9fgdkgIcePe6RHNk1WA8+muPa6cSjeR3V8K27q9BB1rTE3R1p7Hv0z1ZyAc8s6Vvv8DIyWf681MAt0w==",
      "dev": true,
      "license": "MIT",
      "engines": {
        "node": ">= 0.4"
      },
      "funding": {
        "url": "https://github.com/sponsors/ljharb"
      }
    },
    "node_modules/text-segmentation": {
      "version": "1.0.3",
      "resolved": "https://registry.npmjs.org/text-segmentation/-/text-segmentation-1.0.3.tgz",
      "integrity": "sha512-iOiPUo/BGnZ6+54OsWxZidGCsdU8YbE4PSpdPinp7DeMtUJNJBoJ/ouUSTJjHkh1KntHaltHl/gDs2FC4i5+Nw==",
      "license": "MIT",
      "dependencies": {
        "utrie": "^1.0.2"
      }
    },
    "node_modules/texture-compressor": {
      "version": "1.0.2",
      "resolved": "https://registry.npmjs.org/texture-compressor/-/texture-compressor-1.0.2.tgz",
      "integrity": "sha512-dStVgoaQ11mA5htJ+RzZ51ZxIZqNOgWKAIvtjLrW1AliQQLCmrDqNzQZ8Jh91YealQ95DXt4MEduLzJmbs6lig==",
      "license": "MIT",
      "dependencies": {
        "argparse": "^1.0.10",
        "image-size": "^0.7.4"
      },
      "bin": {
        "texture-compressor": "bin/texture-compressor.js"
      }
    },
    "node_modules/three": {
      "version": "0.135.0",
      "resolved": "https://registry.npmjs.org/three/-/three-0.135.0.tgz",
      "integrity": "sha512-kuEpuuxRzLv0MDsXai9huCxOSQPZ4vje6y0gn80SRmQvgz6/+rI0NAvCRAw56zYaWKMGMfqKWsxF9Qa2Z9xymQ==",
      "license": "MIT",
      "peer": true
    },
    "node_modules/three-mesh-bvh": {
      "version": "0.5.24",
      "resolved": "https://registry.npmjs.org/three-mesh-bvh/-/three-mesh-bvh-0.5.24.tgz",
      "integrity": "sha512-VTIgfjz8aFoPKTQoMIQQv9jJD4ybFRZuKKE1/kqy78FQcuHQ0+iIWv7C5cSb2inlvs7bNMVY3yRx3RXGZfrvzQ==",
      "license": "MIT",
      "peerDependencies": {
        "three": ">= 0.123.0"
      }
    },
    "node_modules/undici-types": {
      "version": "7.14.0",
      "resolved": "https://registry.npmjs.org/undici-types/-/undici-types-7.14.0.tgz",
      "integrity": "sha512-QQiYxHuyZ9gQUIrmPo3IA+hUl4KYk8uSA7cHrcKd/l3p1OTpZcM0Tbp9x7FAtXdAYhlasd60ncPpgu6ihG6TOA==",
      "dev": true,
      "license": "MIT"
    },
    "node_modules/utrie": {
      "version": "1.0.2",
      "resolved": "https://registry.npmjs.org/utrie/-/utrie-1.0.2.tgz",
      "integrity": "sha512-1MLa5ouZiOmQzUbjbu9VmjLzn1QLXBhwpUa7kdLUQK+KQ5KA9I1vk5U4YHe/X2Ch7PYnJfWuWT+VbuxbGwljhw==",
      "license": "MIT",
      "dependencies": {
        "base64-arraybuffer": "^1.0.2"
      }
    },
    "node_modules/web-ifc": {
      "version": "0.0.39",
      "resolved": "https://registry.npmjs.org/web-ifc/-/web-ifc-0.0.39.tgz",
      "integrity": "sha512-sg+DyxDiyXBqlXXbz+uSqw8IGX+mVvHmn2+hg6UXDvAcrzJJw8EI2H4ZzlxWxCqqdpGVeK0wCpdeQm43UCDbrA=="
    },
    "node_modules/web-ifc-three": {
      "version": "0.0.125",
      "resolved": "https://registry.npmjs.org/web-ifc-three/-/web-ifc-three-0.0.125.tgz",
      "integrity": "sha512-i9hnYQq5XOEJ/eeYgwe44IAiIgbjn46zOcuEuvkV+8liutrDHitv8Ct126BNOBaoe7B9ZYnQk8CL9/YEtdtGOQ==",
      "license": "MIT",
      "dependencies": {
        "three-mesh-bvh": "0.5.21",
        "web-ifc": "^0.0.39"
      },
      "peerDependencies": {
        "three": "^0.149.0"
      }
    },
    "node_modules/web-ifc-three/node_modules/three-mesh-bvh": {
      "version": "0.5.21",
      "resolved": "https://registry.npmjs.org/three-mesh-bvh/-/three-mesh-bvh-0.5.21.tgz",
      "integrity": "sha512-TGXPk7YwtlU5rgQJYA25OT6yAdBMeekfC4BTkGNtTWA5glb2rmEpjxvhZncRQSl73QZir2LFOQT0FjfzgG55xw==",
      "license": "MIT",
      "peerDependencies": {
        "three": ">= 0.123.0"
      }
    },
    "node_modules/web-ifc-viewer": {
      "version": "1.0.218",
      "resolved": "https://registry.npmjs.org/web-ifc-viewer/-/web-ifc-viewer-1.0.218.tgz",
      "integrity": "sha512-qLY36+KFNG9g6VTGplVks3WyAm6DxdmGXfKyTCaDcg993sbHBn+KpeMyP75RNIwjvZ3pg2yPgPV3U9vJ1LITtA==",
      "license": "MIT",
      "dependencies": {
        "camera-controls": "^1.33.1",
        "dat.gui": "^0.7.7",
        "gsap": "^3.7.1",
        "three-mesh-bvh": "^0.5.11",
        "web-ifc": "^0.0.39",
        "web-ifc-three": "^0.0.125"
      },
      "peerDependencies": {
        "three": "^0.135.0"
      }
    }
  }
}
